
Microsoft Visual Studio Solution File, Format Version 12.00
# Visual Studio Version 17
VisualStudioVersion = 17.2.32630.192
MinimumVisualStudioVersion = 10.0.40219.1
Project("{FAE04EC0-301F-11D3-BF4B-00C04F79EFBC}") = "NetCore6", "NetCore6.csproj", "{99457408-0022-42FB-BA6D-F93A7009354D}"
EndProject
Global
	GlobalSection(SolutionConfigurationPlatforms) = preSolution
		Debug|Any CPU = Debug|Any CPU
		Release|Any CPU = Release|Any CPU
	EndGlobalSection
	GlobalSection(ProjectConfigurationPlatforms) = postSolution
		{99457408-0022-42FB-BA6D-F93A7009354D}.Debug|Any CPU.ActiveCfg = Debug|Any CPU
		{99457408-0022-42FB-BA6D-F93A7009354D}.Debug|Any CPU.Build.0 = Debug|Any CPU
		{99457408-0022-42FB-BA6D-F93A7009354D}.Release|Any CPU.ActiveCfg = Release|Any CPU
		{99457408-0022-42FB-BA6D-F93A7009354D}.Release|Any CPU.Build.0 = Release|Any CPU
	EndGlobalSection
	GlobalSection(SolutionProperties) = preSolution
		HideSolutionNode = FALSE
	EndGlobalSection
	GlobalSection(ExtensibilityGlobals) = postSolution
		SolutionGuid = {092987EA-5CA1-4C75-A2B2-B5CA1172E023}
	EndGlobalSection
EndGlobal
